// !$*UTF8*$!
{
	archiveVersion = 1;
	classes = {
	};
	objectVersion = 50;
	objects = {

/* Begin PBXBuildFile section */
		900EA2E8236B428100BEC186 /* AppDelegate.swift in Sources */ = {isa = PBXBuildFile; fileRef = 900EA2E7236B428100BEC186 /* AppDelegate.swift */; };
		900EA2EA236B428100BEC186 /* SceneDelegate.swift in Sources */ = {isa = PBXBuildFile; fileRef = 900EA2E9236B428100BEC186 /* SceneDelegate.swift */; };
		900EA2EC236B428100BEC186 /* ViewController.swift in Sources */ = {isa = PBXBuildFile; fileRef = 900EA2EB236B428100BEC186 /* ViewController.swift */; };
		900EA2EF236B428100BEC186 /* Main.storyboard in Resources */ = {isa = PBXBuildFile; fileRef = 900EA2ED236B428100BEC186 /* Main.storyboard */; };
		900EA2F2236B428100BEC186 /* HelloSingleView.xcdatamodeld in Sources */ = {isa = PBXBuildFile; fileRef = 900EA2F0236B428100BEC186 /* HelloSingleView.xcdatamodeld */; };
		900EA2F4236B428100BEC186 /* Assets.xcassets in Resources */ = {isa = PBXBuildFile; fileRef = 900EA2F3236B428100BEC186 /* Assets.xcassets */; };
		900EA2F7236B428100BEC186 /* LaunchScreen.storyboard in Resources */ = {isa = PBXBuildFile; fileRef = 900EA2F5236B428100BEC186 /* LaunchScreen.storyboard */; };
/* End PBXBuildFile section */

/* Begin PBXFileReference section */
		900EA2E4236B428100BEC186 /* HelloSingleView.app */ = {isa = PBXFileReference; explicitFileType = wrapper.application; includeInIndex = 0; path = HelloSingleView.app; sourceTree = BUILT_PRODUCTS_DIR; };
		900EA2E7236B428100BEC186 /* AppDelegate.swift */ = {isa = PBXFileReference; lastKnownFileType = sourcecode.swift; path = AppDelegate.swift; sourceTree = "<group>"; };
		900EA2E9236B428100BEC186 /* SceneDelegate.swift */ = {isa = PBXFileReference; lastKnownFileType = sourcecode.swift; path = SceneDelegate.swift; sourceTree = "<group>"; };
		900EA2EB236B428100BEC186 /* ViewController.swift */ = {isa = PBXFileReference; lastKnownFileType = sourcecode.swift; path = ViewController.swift; sourceTree = "<group>"; };
		900EA2EE236B428100BEC186 /* Base */ = {isa = PBXFileReference; lastKnownFileType = file.storyboard; name = Base; path = Base.lproj/Main.storyboard; sourceTree = "<group>"; };
		900EA2F1236B428100BEC186 /* HelloSingleView.xcdatamodel */ = {isa = PBXFileReference; lastKnownFileType = wrapper.xcdatamodel; path = HelloSingleView.xcdatamodel; sourceTree = "<group>"; };
		900EA2F3236B428100BEC186 /* Assets.xcassets */ = {isa = PBXFileReference; lastKnownFileType = folder.assetcatalog; path = Assets.xcassets; sourceTree = "<group>"; };
		900EA2F6236B428100BEC186 /* Base */ = {isa = PBXFileReference; lastKnownFileType = file.storyboard; name = Base; path = Base.lproj/LaunchScreen.storyboard; sourceTree = "<group>"; };
		900EA2F8236B428100BEC186 /* Info.plist */ = {isa = PBXFileReference; lastKnownFileType = text.plist.xml; path = Info.plist; sourceTree = "<group>"; };
/* End PBXFileReference section */

/* Begin PBXFrameworksBuildPhase section */
		900EA2E1236B428100BEC186 /* Frameworks */ = {
			isa = PBXFrameworksBuildPhase;
			buildActionMask = 2147483647;
			files = (
			);
			runOnlyForDeploymentPostprocessing = 0;
		};
/* End PBXFrameworksBuildPhase section */

/* Begin PBXGroup section */
		900EA2DB236B428100BEC186 = {
			isa = PBXGroup;
			children = (
				900EA2E6236B428100BEC186 /* HelloSingleView */,
				900EA2E5236B428100BEC186 /* Products */,
			);
			sourceTree = "<group>";
		};
		900EA2E5236B428100BEC186 /* Products */ = {
			isa = PBXGroup;
			children = (
				900EA2E4236B428100BEC186 /* HelloSingleView.app */,
			);
			name = Products;
			sourceTree = "<group>";
		};
		900EA2E6236B428100BEC186 /* HelloSingleView */ = {
			isa = PBXGroup;
			children = (
				900EA2E7236B428100BEC186 /* AppDelegate.swift */,
				900EA2E9236B428100BEC186 /* SceneDelegate.swift */,
				900EA2EB236B428100BEC186 /* ViewController.swift */,
				900EA2ED236B428100BEC186 /* Main.storyboard */,
				900EA2F3236B428100BEC186 /* Assets.xcassets */,
				900EA2F5236B428100BEC186 /* LaunchScreen.storyboard */,
				900EA2F8236B428100BEC186 /* Info.plist */,
				900EA2F0236B428100BEC186 /* HelloSingleView.xcdatamodeld */,
			);
			path = HelloSingleView;
			sourceTree = "<group>";
		};
/* End PBXGroup section */

/* Begin PBXNativeTarget section */
		900EA2E3236B428100BEC186 /* HelloSingleView */ = {
			isa = PBXNativeTarget;
			buildConfigurationList = 900EA2FB236B428100BEC186 /* Build configuration list for PBXNativeTarget "HelloSingleView" */;
			buildPhases = (
				900EA2E0236B428100BEC186 /* Sources */,
				900EA2E1236B428100BEC186 /* Frameworks */,
				900EA2E2236B428100BEC186 /* Resources */,
			);
			buildRules = (
			);
			dependencies = (
			);
			name = HelloSingleView;
			productName = HelloSingleView;
			productReference = 900EA2E4236B428100BEC186 /* HelloSingleView.app */;
			productType = "com.apple.product-type.application";
		};
/* End PBXNativeTarget section */

/* Begin PBXProject section */
		900EA2DC236B428100BEC186 /* Project object */ = {
			isa = PBXProject;
			attributes = {
				LastSwiftUpdateCheck = 1100;
				LastUpgradeCheck = 1100;
				ORGANIZATIONNAME = "khaleel-HelloSingleView";
				TargetAttributes = {
					900EA2E3236B428100BEC186 = {
						CreatedOnToolsVersion = 11.0;
					};
				};
			};
			buildConfigurationList = 900EA2DF236B428100BEC186 /* Build configuration list for PBXProject "HelloSingleView" */;
			compatibilityVersion = "Xcode 9.3";
			developmentRegion = en;
			hasScannedForEncodings = 0;
			knownRegions = (
				en,
				Base,
			);
			mainGroup = 900EA2DB236B428100BEC186;
			productRefGroup = 900EA2E5236B428100BEC186 /* Products */;
			projectDirPath = "";
			projectRoot = "";
			targets = (
				900EA2E3236B428100BEC186 /* HelloSingleView */,
			);
		};
/* End PBXProject section */

/* Begin PBXResourcesBuildPhase section */
		900EA2E2236B428100BEC186 /* Resources */ = {
			isa = PBXResourcesBuildPhase;
			buildActionMask = 2147483647;
			files = (
				900EA2F7236B428100BEC186 /* LaunchScreen.storyboard in Resources */,
				900EA2F4236B428100BEC186 /* Assets.xcassets in Resources */,
				900EA2EF236B428100BEC186 /* Main.storyboard in Resources */,
			);
			runOnlyForDeploymentPostprocessing = 0;
		};
/* End PBXResourcesBuildPhase section */

/* Begin PBXSourcesBuildPhase section */
		900EA2E0236B428100BEC186 /* Sources */ = {
			isa = PBXSourcesBuildPhase;
			buildActionMask = 2147483647;
			files = (
				900EA2EC236B428100BEC186 /* ViewController.swift in Sources */,
				900EA2F2236B428100BEC186 /* HelloSingleView.xcdatamodeld in Sources */,
				900EA2E8236B428100BEC186 /* AppDelegate.swift in Sources */,
				900EA2EA236B428100BEC186 /* SceneDelegate.swift in Sources */,
			);
			runOnlyForDeploymentPostprocessing = 0;
		};
/* End PBXSourcesBuildPhase section */

/* Begin PBXVariantGroup section */
		900EA2ED236B428100BEC186 /* Main.storyboard */ = {
			isa = PBXVariantGroup;
			children = (
				900EA2EE236B428100BEC186 /* Base */,
			);
			name = Main.storyboard;
			sourceTree = "<group>";
		};
		900EA2F5236B428100BEC186 /* LaunchScreen.storyboard */ = {
			isa = PBXVariantGroup;
			children = (
				900EA2F6236B428100BEC186 /* Base */,
			);
			name = LaunchScreen.storyboard;
			sourceTree = "<group>";
		};
/* End PBXVariantGroup section */

/* Begin XCBuildConfiguration section */
		900EA2F9236B428100BEC186 /* Debug */ = {
			isa = XCBuildConfiguration;
			buildSettings = {
				ALWAYS_SEARCH_USER_PATHS = NO;
				CLANG_ANALYZER_NONNULL = YES;
				CLANG_ANALYZER_NUMBER_OBJECT_CONVERSION = YES_AGGRESSIVE;
				CLANG_CXX_LANGUAGE_STANDARD = "gnu++14";
				CLANG_CXX_LIBRARY = "libc++";
				CLANG_ENABLE_MODULES = YES;
				CLANG_ENABLE_OBJC_ARC = YES;
				CLANG_ENABLE_OBJC_WEAK = YES;
				CLANG_WARN_BLOCK_CAPTURE_AUTORELEASING = YES;
				CLANG_WARN_BOOL_CONVERSION = YES;
				CLANG_WARN_COMMA = YES;
				CLANG_WARN_CONSTANT_CONVERSION = YES;
				CLANG_WARN_DEPRECATED_OBJC_IMPLEMENTATIONS = YES;
				CLANG_WARN_DIRECT_OBJC_ISA_USAGE = YES_ERROR;
				CLANG_WARN_DOCUMENTATION_COMMENTS = YES;
				CLANG_WARN_EMPTY_BODY = YES;
				CLANG_WARN_ENUM_CONVERSION = YES;
				CLANG_WARN_INFINITE_RECURSION = YES;
				CLANG_WARN_INT_CONVERSION = YES;
				CLANG_WARN_NON_LITERAL_NULL_CONVERSION = YES;
				CLANG_WARN_OBJC_IMPLICIT_RETAIN_SELF = YES;
				CLANG_WARN_OBJC_LITERAL_CONVERSION = YES;
				CLANG_WARN_OBJC_ROOT_CLASS = YES_ERROR;
				CLANG_WARN_RANGE_LOOP_ANALYSIS = YES;
				CLANG_WARN_STRICT_PROTOTYPES = YES;
				CLANG_WARN_SUSPICIOUS_MOVE = YES;
				CLANG_WARN_UNGUARDED_AVAILABILITY = YES_AGGRESSIVE;
				CLANG_WARN_UNREACHABLE_CODE = YES;
				CLANG_WARN__DUPLICATE_METHOD_MATCH = YES;
				COPY_PHASE_STRIP = NO;
				DEBUG_INFORMATION_FORMAT = dwarf;
				ENABLE_STRICT_OBJC_MSGSEND = YES;
				ENABLE_TESTABILITY = YES;
				GCC_C_LANGUAGE_STANDARD = gnu11;
				GCC_DYNAMIC_NO_PIC = NO;
				GCC_NO_COMMON_BLOCKS = YES;
				GCC_OPTIMIZATION_LEVEL = 0;
				GCC_PREPROCESSOR_DEFINITIONS = (
					"DEBUG=1",
					"$(inherited)",
				);
				GCC_WARN_64_TO_32_BIT_CONVERSION = YES;
				GCC_WARN_ABOUT_RETURN_TYPE = YES_ERROR;
				GCC_WARN_UNDECLARED_SELECTOR = YES;
				GCC_WARN_UNINITIALIZED_AUTOS = YES_AGGRESSIVE;
				GCC_WARN_UNUSED_FUNCTION = YES;
				GCC_WARN_UNUSED_VARIABLE = YES;
				IPHONEOS_DEPLOYMENT_TARGET = 13.0;
				MTL_ENABLE_DEBUG_INFO = INCLUDE_SOURCE;
				MTL_FAST_MATH = YES;
				ONLY_ACTIVE_ARCH = YES;
				SDKROOT = iphoneos;
				SWIFT_ACTIVE_COMPILATION_CONDITIONS = DEBUG;
				SWIFT_OPTIMIZATION_LEVEL = "-Onone";
			};
			name = Debug;
		};
		900EA2FA236B428100BEC186 /* Release */ = {
			isa = XCBuildConfiguration;
			buildSettings = {
				ALWAYS_SEARCH_USER_PATHS = NO;
				CLANG_ANALYZER_NONNULL = YES;
				CLANG_ANALYZER_NUMBER_OBJECT_CONVERSION = YES_AGGRESSIVE;
				CLANG_CXX_LANGUAGE_STANDARD = "gnu++14";
				CLANG_CXX_LIBRARY = "libc++";
				CLANG_ENABLE_MODULES = YES;
				CLANG_ENABLE_OBJC_ARC = YES;
				CLANG_ENABLE_OBJC_WEAK = YES;
				CLANG_WARN_BLOCK_CAPTURE_AUTORELEASING = YES;
				CLANG_WARN_BOOL_CONVERSION = YES;
				CLANG_WARN_COMMA = YES;
				CLANG_WARN_CONSTANT_CONVERSION = YES;
				CLANG_WARN_DEPRECATED_OBJC_IMPLEMENTATIONS = YES;
				CLANG_WARN_DIRECT_OBJC_ISA_USAGE = YES_ERROR;
				CLANG_WARN_DOCUMENTATION_COMMENTS = YES;
				CLANG_WARN_EMPTY_BODY = YES;
				CLANG_WARN_ENUM_CONVERSION = YES;
				CLANG_WARN_INFINITE_RECURSION = YES;
				CLANG_WARN_INT_CONVERSION = YES;
				CLANG_WARN_NON_LITERAL_NULL_CONVERSION = YES;
				CLANG_WARN_OBJC_IMPLICIT_RETAIN_SELF = YES;
				CLANG_WARN_OBJC_LITERAL_CONVERSION = YES;
				CLANG_WARN_OBJC_ROOT_CLASS = YES_ERROR;
				CLANG_WARN_RANGE_LOOP_ANALYSIS = YES;
				CLANG_WARN_STRICT_PROTOTYPES = YES;
				CLANG_WARN_SUSPICIOUS_MOVE = YES;
				CLANG_WARN_UNGUARDED_AVAILABILITY = YES_AGGRESSIVE;
				CLANG_WARN_UNREACHABLE_CODE = YES;
				CLANG_WARN__DUPLICATE_METHOD_MATCH = YES;
				COPY_PHASE_STRIP = NO;
				DEBUG_INFORMATION_FORMAT = "dwarf-with-dsym";
				ENABLE_NS_ASSERTIONS = NO;
				ENABLE_STRICT_OBJC_MSGSEND = YES;
				GCC_C_LANGUAGE_STANDARD = gnu11;
				GCC_NO_COMMON_BLOCKS = YES;
				GCC_WARN_64_TO_32_BIT_CONVERSION = YES;
				GCC_WARN_ABOUT_RETURN_TYPE = YES_ERROR;
				GCC_WARN_UNDECLARED_SELECTOR = YES;
				GCC_WARN_UNINITIALIZED_AUTOS = YES_AGGRESSIVE;
				GCC_WARN_UNUSED_FUNCTION = YES;
				GCC_WARN_UNUSED_VARIABLE = YES;
				IPHONEOS_DEPLOYMENT_TARGET = 13.0;
				MTL_ENABLE_DEBUG_INFO = NO;
				MTL_FAST_MATH = YES;
				SDKROOT = iphoneos;
				SWIFT_COMPILATION_MODE = wholemodule;
				SWIFT_OPTIMIZATION_LEVEL = "-O";
				VALIDATE_PRODUCT = YES;
			};
			name = Release;
		};
		900EA2FC236B428100BEC186 /* Debug */ = {
			isa = XCBuildConfiguration;
			buildSettings = {
				ASSETCATALOG_COMPILER_APPICON_NAME = AppIcon;
				CODE_SIGN_STYLE = Automatic;
				INFOPLIST_FILE = HelloSingleView/Info.plist;
				LD_RUNPATH_SEARCH_PATHS = (
					"$(inherited)",
					"@executable_path/Frameworks",
				);
				PRODUCT_BUNDLE_IDENTIFIER = khaleel.HelloSingleView;
				PRODUCT_NAME = "$(TARGET_NAME)";
				SWIFT_VERSION = 5.0;
				TARGETED_DEVICE_FAMILY = "1,2";
			};
			name = Debug;
		};
		900EA2FD236B428100BEC186 /* Release */ = {
			isa = XCBuildConfiguration;
			buildSettings = {
				ASSETCATALOG_COMPILER_APPICON_NAME = AppIcon;
				CODE_SIGN_STYLE = Automatic;
				INFOPLIST_FILE = HelloSingleView/Info.plist;
				LD_RUNPATH_SEARCH_PATHS = (
					"$(inherited)",
					"@executable_path/Frameworks",
				);
				PRODUCT_BUNDLE_IDENTIFIER = khaleel.HelloSingleView;
				PRODUCT_NAME = "$(TARGET_NAME)";
				SWIFT_VERSION = 5.0;
				TARGETED_DEVICE_FAMILY = "1,2";
			};
			name = Release;
		};
/* End XCBuildConfiguration section */

/* Begin XCConfigurationList section */
		900EA2DF236B428100BEC186 /* Build configuration list for PBXProject "HelloSingleView" */ = {
			isa = XCConfigurationList;
			buildConfigurations = (
				900EA2F9236B428100BEC186 /* Debug */,
				900EA2FA236B428100BEC186 /* Release */,
			);
			defaultConfigurationIsVisible = 0;
			defaultConfigurationName = Release;
		};
		900EA2FB236B428100BEC186 /* Build configuration list for PBXNativeTarget "HelloSingleView" */ = {
			isa = XCConfigurationList;
			buildConfigurations = (
				900EA2FC236B428100BEC186 /* Debug */,
				900EA2FD236B428100BEC186 /* Release */,
			);
			defaultConfigurationIsVisible = 0;
			defaultConfigurationName = Release;
		};
/* End XCConfigurationList section */

/* Begin XCVersionGroup section */
		900EA2F0236B428100BEC186 /* HelloSingleView.xcdatamodeld */ = {
			isa = XCVersionGroup;
			children = (
				900EA2F1236B428100BEC186 /* HelloSingleView.xcdatamodel */,
			);
			currentVersion = 900EA2F1236B428100BEC186 /* HelloSingleView.xcdatamodel */;
			path = HelloSingleView.xcdatamodeld;
			sourceTree = "<group>";
			versionGroupType = wrapper.xcdatamodel;
		};
/* End XCVersionGroup section */
	};
	rootObject = 900EA2DC236B428100BEC186 /* Project object */;
}
